
Microsoft Visual Studio Solution File, Format Version 12.00
# Visual Studio 15
VisualStudioVersion = 15.0.28307.421
MinimumVisualStudioVersion = 10.0.40219.1
Project("{9A19103F-16F7-4668-BE54-9A1E7A4F7556}") = "RememberWhen.Lambda", "lambdas\iot-rememberwhen\RememberWhen.Lambda.csproj", "{6F05B97A-BDA6-4F7F-BA5F-10DAD61A5465}"
EndProject
Global
	GlobalSection(SolutionConfigurationPlatforms) = preSolution
		Debug|Any CPU = Debug|Any CPU
		Release|Any CPU = Release|Any CPU
	EndGlobalSection
	GlobalSection(ProjectConfigurationPlatforms) = postSolution
		{6F05B97A-BDA6-4F7F-BA5F-10DAD61A5465}.Debug|Any CPU.ActiveCfg = Debug|Any CPU
		{6F05B97A-BDA6-4F7F-BA5F-10DAD61A5465}.Debug|Any CPU.Build.0 = Debug|Any CPU
		{6F05B97A-BDA6-4F7F-BA5F-10DAD61A5465}.Release|Any CPU.ActiveCfg = Release|Any CPU
		{6F05B97A-BDA6-4F7F-BA5F-10DAD61A5465}.Release|Any CPU.Build.0 = Release|Any CPU
	EndGlobalSection
	GlobalSection(SolutionProperties) = preSolution
		HideSolutionNode = FALSE
	EndGlobalSection
	GlobalSection(ExtensibilityGlobals) = postSolution
		SolutionGuid = {E6EF34A9-E613-440A-9380-C070203F2095}
	EndGlobalSection
EndGlobal
